<?xml version="1.0" encoding="utf-8"?>
<Project ToolsVersion="4.0" xmlns="http://schemas.microsoft.com/developer/msbuild/2003">
  <ItemGroup>
    <Filter Include="Source Files">
      <UniqueIdentifier>{4FC737F1-C7A5-4376-A066-2A32D752A2FF}</UniqueIdentifier>
      <Extensions>cpp;c;cc;cxx;c++;cppm;ixx;def;odl;idl;hpj;bat;asm;asmx</Extensions>
    </Filter>
    <Filter Include="Header Files">
      <UniqueIdentifier>{93995380-89BD-4b04-88EB-625FBE52EBFB}</UniqueIdentifier>
      <Extensions>h;hh;hpp;hxx;h++;hm;inl;inc;ipp;xsd</Extensions>
    </Filter>
    <Filter Include="Resource Files">
      <UniqueIdentifier>{67DA6AB6-F800-4c08-8B7A-83BB121AAD01}</UniqueIdentifier>
      <Extensions>rc;ico;cur;bmp;dlg;rc2;rct;bin;rgs;gif;jpg;jpeg;jpe;resx;tiff;tif;png;wav;mfcribbon-ms</Extensions>
    </Filter>
    <Filter Include="Resource Files\shader">
      <UniqueIdentifier>{bef8e977-e716-42a1-9e32-2590f1069507}</UniqueIdentifier>
    </Filter>
    <Filter Include="Resource Files\material">
      <UniqueIdentifier>{6f7322b9-c6b1-4577-a8af-9e5d26031a7a}</UniqueIdentifier>
    </Filter>
    <Filter Include="Resource Files\scene">
      <UniqueIdentifier>{fd363720-8188-4857-ba23-0d8a7e9e672f}</UniqueIdentifier>
    </Filter>
    <Filter Include="Resource Files\shader\fx">
      <UniqueIdentifier>{53f7d772-78fe-4c95-ab02-4df08d4c945e}</UniqueIdentifier>
    </Filter>
    <Filter Include="Resource Files\shader\lit">
      <UniqueIdentifier>{914aee79-84f2-4be0-a2ce-36ba93a7c117}</UniqueIdentifier>
    </Filter>
    <Filter Include="Resource Files\shader\unlit">
      <UniqueIdentifier>{8b470345-527b-4bfa-b3a9-0ffd08b45749}</UniqueIdentifier>
    </Filter>
  </ItemGroup>
  <ItemGroup>
    <ClCompile Include="Main.cpp">
      <Filter>Source Files</Filter>
    </ClCompile>
  </ItemGroup>
  <ItemGroup>
    <None Include="..\Build\assets\scene\lights_normal.scene">
      <Filter>Resource Files\scene</Filter>
    </None>
    <None Include="..\Build\assets\shader\lit\texture.frag">
      <Filter>Resource Files\shader\lit</Filter>
    </None>
    <None Include="..\Build\assets\shader\lit\texture.prog">
      <Filter>Resource Files\shader\lit</Filter>
    </None>
    <None Include="..\Build\assets\shader\lit\texture.vert">
      <Filter>Resource Files\shader\lit</Filter>
    </None>
    <None Include="..\Build\assets\shader\lit\texture_normal.frag">
      <Filter>Resource Files\shader\lit</Filter>
    </None>
    <None Include="..\Build\assets\shader\lit\texture_normal.prog">
      <Filter>Resource Files\shader\lit</Filter>
    </None>
    <None Include="..\Build\assets\shader\lit\texture_normal.vert">
      <Filter>Resource Files\shader\lit</Filter>
    </None>
    <None Include="..\Build\assets\material\floor.mtrl">
      <Filter>Resource Files\material</Filter>
    </None>
    <None Include="..\Build\assets\material\texture_normal.mtrl">
      <Filter>Resource Files\material</Filter>
    </None>
    <None Include="..\Build\assets\shader\unlit\texture.vert">
      <Filter>Resource Files\shader\unlit</Filter>
    </None>
    <None Include="..\Build\assets\shader\unlit\color.frag">
      <Filter>Resource Files\shader\unlit</Filter>
    </None>
    <None Include="..\Build\assets\shader\unlit\color.prog">
      <Filter>Resource Files\shader\unlit</Filter>
    </None>
    <None Include="..\Build\assets\shader\unlit\color.vert">
      <Filter>Resource Files\shader\unlit</Filter>
    </None>
    <None Include="..\Build\assets\shader\unlit\texture.frag">
      <Filter>Resource Files\shader\unlit</Filter>
    </None>
    <None Include="..\Build\assets\shader\unlit\texture.prog">
      <Filter>Resource Files\shader\unlit</Filter>
    </None>
    <None Include="..\Build\assets\shader\fx\cell.frag">
      <Filter>Resource Files\shader\fx</Filter>
    </None>
    <None Include="..\Build\assets\shader\fx\cell.prog">
      <Filter>Resource Files\shader\fx</Filter>
    </None>
    <None Include="..\Build\assets\shader\fx\cell.vert">
      <Filter>Resource Files\shader\fx</Filter>
    </None>
    <None Include="..\Build\assets\scene\red_fox.scene">
      <Filter>Resource Files\scene</Filter>
    </None>
    <None Include="..\Build\assets\material\fox.mtrl">
      <Filter>Resource Files\material</Filter>
    </None>
    <None Include="..\Build\assets\scene\red_fox_in_cubemap.scene">
      <Filter>Resource Files\scene</Filter>
    </None>
    <None Include="..\Build\assets\material\skybox.mtrl">
      <Filter>Resource Files\material</Filter>
    </None>
    <None Include="..\Build\assets\shader\fx\skybox.frag">
      <Filter>Resource Files\shader\fx</Filter>
    </None>
    <None Include="..\Build\assets\shader\fx\skybox.prog">
      <Filter>Resource Files\shader\fx</Filter>
    </None>
    <None Include="..\Build\assets\shader\fx\skybox.vert">
      <Filter>Resource Files\shader\fx</Filter>
    </None>
  </ItemGroup>
</Project>